
Microsoft Visual Studio Solution File, Format Version 12.00
# Visual Studio Version 16
VisualStudioVersion = 16.0.30011.22
MinimumVisualStudioVersion = 10.0.40219.1
Project("{FAE04EC0-301F-11D3-BF4B-00C04F79EFBC}") = "InformaticGirlfriendQuestion", "InformaticGirlfriendQuestion\InformaticGirlfriendQuestion.csproj", "{4F23990E-8290-4CDE-AC3C-33174754BF50}"
EndProject
Global
	GlobalSection(SolutionConfigurationPlatforms) = preSolution
		Debug|Any CPU = Debug|Any CPU
		Release|Any CPU = Release|Any CPU
	EndGlobalSection
	GlobalSection(ProjectConfigurationPlatforms) = postSolution
		{4F23990E-8290-4CDE-AC3C-33174754BF50}.Debug|Any CPU.ActiveCfg = Debug|Any CPU
		{4F23990E-8290-4CDE-AC3C-33174754BF50}.Debug|Any CPU.Build.0 = Debug|Any CPU
		{4F23990E-8290-4CDE-AC3C-33174754BF50}.Release|Any CPU.ActiveCfg = Release|Any CPU
		{4F23990E-8290-4CDE-AC3C-33174754BF50}.Release|Any CPU.Build.0 = Release|Any CPU
	EndGlobalSection
	GlobalSection(SolutionProperties) = preSolution
		HideSolutionNode = FALSE
	EndGlobalSection
	GlobalSection(ExtensibilityGlobals) = postSolution
		SolutionGuid = {77E7516A-A96A-42CD-9A81-1363BA265175}
	EndGlobalSection
EndGlobal
